
Microsoft Visual Studio Solution File, Format Version 12.00
# Visual Studio 14
VisualStudioVersion = 14.0.25123.0
MinimumVisualStudioVersion = 10.0.40219.1
Project("{FAE04EC0-301F-11D3-BF4B-00C04F79EFBC}") = "WebAPI-Learn.Model", "WebAPI-Learn.Model\WebAPI-Learn.Model.csproj", "{3E30E68B-ADFD-4076-B2A7-DB40D731E162}"
EndProject
Project("{FAE04EC0-301F-11D3-BF4B-00C04F79EFBC}") = "WebAPI-Learn.ModelFactory", "WebAPI-Learn.ModelFactory\WebAPI-Learn.ModelFactory.csproj", "{A84EE749-E6FA-410D-862E-FDD1FEF613FF}"
EndProject
Project("{2150E333-8FDC-42A3-9474-1A3956D46DE8}") = "UI", "UI", "{A49099CD-1DCB-4BE1-8C7A-AAD8D75A5F47}"
EndProject
Project("{2150E333-8FDC-42A3-9474-1A3956D46DE8}") = "Test", "Test", "{B548AE2A-6B37-4473-A283-F75B8E29C83B}"
EndProject
Project("{2150E333-8FDC-42A3-9474-1A3956D46DE8}") = "Model", "Model", "{39142616-2F49-413B-8BC3-BAEB4E8C4299}"
EndProject
Project("{FAE04EC0-301F-11D3-BF4B-00C04F79EFBC}") = "WebAPI-Learn.Console", "WebAPI-Learn.Console\WebAPI-Learn.Console.csproj", "{F3ED0DC1-D26B-4801-A87D-72E9CD059187}"
EndProject
Project("{FAE04EC0-301F-11D3-BF4B-00C04F79EFBC}") = "WebAPI-Learn.WebAPI", "WebAPI-Learn.WebAPI\WebAPI-Learn.WebAPI.csproj", "{CA1D92B3-6846-4E62-985D-4D7B3B04B8DD}"
EndProject
Project("{FAE04EC0-301F-11D3-BF4B-00C04F79EFBC}") = "WebAPI-Learn.WebAPI.IISHost", "WebAPI-Learn.WebAPI.IISHost\WebAPI-Learn.WebAPI.IISHost.csproj", "{A904DD65-9AF3-485D-ABA4-77FF281FC597}"
EndProject
Project("{FAE04EC0-301F-11D3-BF4B-00C04F79EFBC}") = "WebAPI-Learn.WebAPI.SelfHost", "WebAPI-Learn.WebAPI.SelfHost\WebAPI-Learn.WebAPI.SelfHost.csproj", "{58ABA241-1A48-47FB-B1F8-F3AF81A5A095}"
EndProject
Project("{FAE04EC0-301F-11D3-BF4B-00C04F79EFBC}") = "WebAPI-Learn.WebUI", "WebAPI-Learn.WebAPI.WebUI\WebAPI-Learn.WebUI.csproj", "{C44C398F-076A-4D48-8528-1E775BA6AE7F}"
EndProject
Project("{FAE04EC0-301F-11D3-BF4B-00C04F79EFBC}") = "WebAPI-Learn.WebUI.Tests", "WebAPI-Learn.WebUI.Tests\WebAPI-Learn.WebUI.Tests.csproj", "{C372DCCA-03EB-48D5-B624-CC7DAB38BC9A}"
EndProject
Global
	GlobalSection(SolutionConfigurationPlatforms) = preSolution
		Debug|Any CPU = Debug|Any CPU
		Release|Any CPU = Release|Any CPU
	EndGlobalSection
	GlobalSection(ProjectConfigurationPlatforms) = postSolution
		{3E30E68B-ADFD-4076-B2A7-DB40D731E162}.Debug|Any CPU.ActiveCfg = Debug|Any CPU
		{3E30E68B-ADFD-4076-B2A7-DB40D731E162}.Debug|Any CPU.Build.0 = Debug|Any CPU
		{3E30E68B-ADFD-4076-B2A7-DB40D731E162}.Release|Any CPU.ActiveCfg = Release|Any CPU
		{3E30E68B-ADFD-4076-B2A7-DB40D731E162}.Release|Any CPU.Build.0 = Release|Any CPU
		{A84EE749-E6FA-410D-862E-FDD1FEF613FF}.Debug|Any CPU.ActiveCfg = Debug|Any CPU
		{A84EE749-E6FA-410D-862E-FDD1FEF613FF}.Debug|Any CPU.Build.0 = Debug|Any CPU
		{A84EE749-E6FA-410D-862E-FDD1FEF613FF}.Release|Any CPU.ActiveCfg = Release|Any CPU
		{A84EE749-E6FA-410D-862E-FDD1FEF613FF}.Release|Any CPU.Build.0 = Release|Any CPU
		{F3ED0DC1-D26B-4801-A87D-72E9CD059187}.Debug|Any CPU.ActiveCfg = Debug|Any CPU
		{F3ED0DC1-D26B-4801-A87D-72E9CD059187}.Debug|Any CPU.Build.0 = Debug|Any CPU
		{F3ED0DC1-D26B-4801-A87D-72E9CD059187}.Release|Any CPU.ActiveCfg = Release|Any CPU
		{F3ED0DC1-D26B-4801-A87D-72E9CD059187}.Release|Any CPU.Build.0 = Release|Any CPU
		{CA1D92B3-6846-4E62-985D-4D7B3B04B8DD}.Debug|Any CPU.ActiveCfg = Debug|Any CPU
		{CA1D92B3-6846-4E62-985D-4D7B3B04B8DD}.Debug|Any CPU.Build.0 = Debug|Any CPU
		{CA1D92B3-6846-4E62-985D-4D7B3B04B8DD}.Release|Any CPU.ActiveCfg = Release|Any CPU
		{CA1D92B3-6846-4E62-985D-4D7B3B04B8DD}.Release|Any CPU.Build.0 = Release|Any CPU
		{A904DD65-9AF3-485D-ABA4-77FF281FC597}.Debug|Any CPU.ActiveCfg = Debug|Any CPU
		{A904DD65-9AF3-485D-ABA4-77FF281FC597}.Debug|Any CPU.Build.0 = Debug|Any CPU
		{A904DD65-9AF3-485D-ABA4-77FF281FC597}.Release|Any CPU.ActiveCfg = Release|Any CPU
		{A904DD65-9AF3-485D-ABA4-77FF281FC597}.Release|Any CPU.Build.0 = Release|Any CPU
		{58ABA241-1A48-47FB-B1F8-F3AF81A5A095}.Debug|Any CPU.ActiveCfg = Debug|Any CPU
		{58ABA241-1A48-47FB-B1F8-F3AF81A5A095}.Debug|Any CPU.Build.0 = Debug|Any CPU
		{58ABA241-1A48-47FB-B1F8-F3AF81A5A095}.Release|Any CPU.ActiveCfg = Release|Any CPU
		{58ABA241-1A48-47FB-B1F8-F3AF81A5A095}.Release|Any CPU.Build.0 = Release|Any CPU
		{C44C398F-076A-4D48-8528-1E775BA6AE7F}.Debug|Any CPU.ActiveCfg = Debug|Any CPU
		{C44C398F-076A-4D48-8528-1E775BA6AE7F}.Debug|Any CPU.Build.0 = Debug|Any CPU
		{C44C398F-076A-4D48-8528-1E775BA6AE7F}.Release|Any CPU.ActiveCfg = Release|Any CPU
		{C44C398F-076A-4D48-8528-1E775BA6AE7F}.Release|Any CPU.Build.0 = Release|Any CPU
		{C372DCCA-03EB-48D5-B624-CC7DAB38BC9A}.Debug|Any CPU.ActiveCfg = Debug|Any CPU
		{C372DCCA-03EB-48D5-B624-CC7DAB38BC9A}.Debug|Any CPU.Build.0 = Debug|Any CPU
		{C372DCCA-03EB-48D5-B624-CC7DAB38BC9A}.Release|Any CPU.ActiveCfg = Release|Any CPU
		{C372DCCA-03EB-48D5-B624-CC7DAB38BC9A}.Release|Any CPU.Build.0 = Release|Any CPU
	EndGlobalSection
	GlobalSection(SolutionProperties) = preSolution
		HideSolutionNode = FALSE
	EndGlobalSection
	GlobalSection(NestedProjects) = preSolution
		{3E30E68B-ADFD-4076-B2A7-DB40D731E162} = {39142616-2F49-413B-8BC3-BAEB4E8C4299}
		{A84EE749-E6FA-410D-862E-FDD1FEF613FF} = {39142616-2F49-413B-8BC3-BAEB4E8C4299}
		{F3ED0DC1-D26B-4801-A87D-72E9CD059187} = {A49099CD-1DCB-4BE1-8C7A-AAD8D75A5F47}
		{CA1D92B3-6846-4E62-985D-4D7B3B04B8DD} = {A49099CD-1DCB-4BE1-8C7A-AAD8D75A5F47}
		{A904DD65-9AF3-485D-ABA4-77FF281FC597} = {A49099CD-1DCB-4BE1-8C7A-AAD8D75A5F47}
		{58ABA241-1A48-47FB-B1F8-F3AF81A5A095} = {A49099CD-1DCB-4BE1-8C7A-AAD8D75A5F47}
		{C44C398F-076A-4D48-8528-1E775BA6AE7F} = {A49099CD-1DCB-4BE1-8C7A-AAD8D75A5F47}
		{C372DCCA-03EB-48D5-B624-CC7DAB38BC9A} = {B548AE2A-6B37-4473-A283-F75B8E29C83B}
	EndGlobalSection
EndGlobal
