
Microsoft Visual Studio Solution File, Format Version 12.00
# Visual Studio 14
VisualStudioVersion = 14.0.25123.0
MinimumVisualStudioVersion = 10.0.40219.1
Project("{FAE04EC0-301F-11D3-BF4B-00C04F79EFBC}") = "WebAPI-Learn.Web", "WebAPI-Learn.Web\WebAPI-Learn.Web.csproj", "{189EA5DE-0500-4684-976C-2638330A7394}"
EndProject
Project("{FAE04EC0-301F-11D3-BF4B-00C04F79EFBC}") = "WebAPI-Learn.Web.Tests", "WebAPI-Learn.Web.Tests\WebAPI-Learn.Web.Tests.csproj", "{9CAD24DA-1FEB-41F6-81C7-30456E816300}"
EndProject
Project("{FAE04EC0-301F-11D3-BF4B-00C04F79EFBC}") = "WebAPI-Learn.Model", "WebAPI-Learn.Model\WebAPI-Learn.Model.csproj", "{3E30E68B-ADFD-4076-B2A7-DB40D731E162}"
EndProject
Project("{FAE04EC0-301F-11D3-BF4B-00C04F79EFBC}") = "WebAPI-Learn.ModelFactory", "WebAPI-Learn.ModelFactory\WebAPI-Learn.ModelFactory.csproj", "{A84EE749-E6FA-410D-862E-FDD1FEF613FF}"
EndProject
Project("{FAE04EC0-301F-11D3-BF4B-00C04F79EFBC}") = "WebAPI-Learn.API", "WebAPI-Learn.API\WebAPI-Learn.API.csproj", "{102EF2E2-2784-4020-9D9E-29C23E674AA8}"
EndProject
Project("{FAE04EC0-301F-11D3-BF4B-00C04F79EFBC}") = "WebAPI-Learn.API.Tests", "WebAPI-Learn.API.Tests\WebAPI-Learn.API.Tests.csproj", "{A326A87C-1DFF-4E64-A938-DA54C5C319C3}"
EndProject
Project("{2150E333-8FDC-42A3-9474-1A3956D46DE8}") = "UI", "UI", "{A49099CD-1DCB-4BE1-8C7A-AAD8D75A5F47}"
EndProject
Project("{2150E333-8FDC-42A3-9474-1A3956D46DE8}") = "Test", "Test", "{B548AE2A-6B37-4473-A283-F75B8E29C83B}"
EndProject
Project("{2150E333-8FDC-42A3-9474-1A3956D46DE8}") = "Model", "Model", "{39142616-2F49-413B-8BC3-BAEB4E8C4299}"
EndProject
Project("{FAE04EC0-301F-11D3-BF4B-00C04F79EFBC}") = "WebAPI-Learn.Console", "WebAPI-Learn.Console\WebAPI-Learn.Console.csproj", "{F3ED0DC1-D26B-4801-A87D-72E9CD059187}"
EndProject
Global
	GlobalSection(SolutionConfigurationPlatforms) = preSolution
		Debug|Any CPU = Debug|Any CPU
		Release|Any CPU = Release|Any CPU
	EndGlobalSection
	GlobalSection(ProjectConfigurationPlatforms) = postSolution
		{189EA5DE-0500-4684-976C-2638330A7394}.Debug|Any CPU.ActiveCfg = Debug|Any CPU
		{189EA5DE-0500-4684-976C-2638330A7394}.Debug|Any CPU.Build.0 = Debug|Any CPU
		{189EA5DE-0500-4684-976C-2638330A7394}.Release|Any CPU.ActiveCfg = Release|Any CPU
		{189EA5DE-0500-4684-976C-2638330A7394}.Release|Any CPU.Build.0 = Release|Any CPU
		{9CAD24DA-1FEB-41F6-81C7-30456E816300}.Debug|Any CPU.ActiveCfg = Debug|Any CPU
		{9CAD24DA-1FEB-41F6-81C7-30456E816300}.Debug|Any CPU.Build.0 = Debug|Any CPU
		{9CAD24DA-1FEB-41F6-81C7-30456E816300}.Release|Any CPU.ActiveCfg = Release|Any CPU
		{9CAD24DA-1FEB-41F6-81C7-30456E816300}.Release|Any CPU.Build.0 = Release|Any CPU
		{3E30E68B-ADFD-4076-B2A7-DB40D731E162}.Debug|Any CPU.ActiveCfg = Debug|Any CPU
		{3E30E68B-ADFD-4076-B2A7-DB40D731E162}.Debug|Any CPU.Build.0 = Debug|Any CPU
		{3E30E68B-ADFD-4076-B2A7-DB40D731E162}.Release|Any CPU.ActiveCfg = Release|Any CPU
		{3E30E68B-ADFD-4076-B2A7-DB40D731E162}.Release|Any CPU.Build.0 = Release|Any CPU
		{A84EE749-E6FA-410D-862E-FDD1FEF613FF}.Debug|Any CPU.ActiveCfg = Debug|Any CPU
		{A84EE749-E6FA-410D-862E-FDD1FEF613FF}.Debug|Any CPU.Build.0 = Debug|Any CPU
		{A84EE749-E6FA-410D-862E-FDD1FEF613FF}.Release|Any CPU.ActiveCfg = Release|Any CPU
		{A84EE749-E6FA-410D-862E-FDD1FEF613FF}.Release|Any CPU.Build.0 = Release|Any CPU
		{102EF2E2-2784-4020-9D9E-29C23E674AA8}.Debug|Any CPU.ActiveCfg = Debug|Any CPU
		{102EF2E2-2784-4020-9D9E-29C23E674AA8}.Debug|Any CPU.Build.0 = Debug|Any CPU
		{102EF2E2-2784-4020-9D9E-29C23E674AA8}.Release|Any CPU.ActiveCfg = Release|Any CPU
		{102EF2E2-2784-4020-9D9E-29C23E674AA8}.Release|Any CPU.Build.0 = Release|Any CPU
		{A326A87C-1DFF-4E64-A938-DA54C5C319C3}.Debug|Any CPU.ActiveCfg = Debug|Any CPU
		{A326A87C-1DFF-4E64-A938-DA54C5C319C3}.Debug|Any CPU.Build.0 = Debug|Any CPU
		{A326A87C-1DFF-4E64-A938-DA54C5C319C3}.Release|Any CPU.ActiveCfg = Release|Any CPU
		{A326A87C-1DFF-4E64-A938-DA54C5C319C3}.Release|Any CPU.Build.0 = Release|Any CPU
		{F3ED0DC1-D26B-4801-A87D-72E9CD059187}.Debug|Any CPU.ActiveCfg = Debug|Any CPU
		{F3ED0DC1-D26B-4801-A87D-72E9CD059187}.Debug|Any CPU.Build.0 = Debug|Any CPU
		{F3ED0DC1-D26B-4801-A87D-72E9CD059187}.Release|Any CPU.ActiveCfg = Release|Any CPU
		{F3ED0DC1-D26B-4801-A87D-72E9CD059187}.Release|Any CPU.Build.0 = Release|Any CPU
	EndGlobalSection
	GlobalSection(SolutionProperties) = preSolution
		HideSolutionNode = FALSE
	EndGlobalSection
	GlobalSection(NestedProjects) = preSolution
		{189EA5DE-0500-4684-976C-2638330A7394} = {A49099CD-1DCB-4BE1-8C7A-AAD8D75A5F47}
		{9CAD24DA-1FEB-41F6-81C7-30456E816300} = {B548AE2A-6B37-4473-A283-F75B8E29C83B}
		{3E30E68B-ADFD-4076-B2A7-DB40D731E162} = {39142616-2F49-413B-8BC3-BAEB4E8C4299}
		{A84EE749-E6FA-410D-862E-FDD1FEF613FF} = {39142616-2F49-413B-8BC3-BAEB4E8C4299}
		{102EF2E2-2784-4020-9D9E-29C23E674AA8} = {A49099CD-1DCB-4BE1-8C7A-AAD8D75A5F47}
		{A326A87C-1DFF-4E64-A938-DA54C5C319C3} = {B548AE2A-6B37-4473-A283-F75B8E29C83B}
		{F3ED0DC1-D26B-4801-A87D-72E9CD059187} = {B548AE2A-6B37-4473-A283-F75B8E29C83B}
	EndGlobalSection
EndGlobal
